%{
  "earmark_parser": {:hex, :earmark_parser, "1.4.25", "2024618731c55ebfcc5439d756852ec4e85978a39d0d58593763924d9a15916f", [:mix], [], "hexpm", "56749c5e1c59447f7b7a23ddb235e4b3defe276afc220a6227237f3efe83f51e"},
  "erlexec": {:hex, :erlexec, "1.10.9", "3cbb3476f942bfb8b68b85721c21c1835061cf6dd35f5285c2362e85b100ddc7", [:rebar3], [], "hexpm", "271e5b5f2d91cdb9887efe74d89026c199bfc69f074cade0d08dab60993fa14e"},
  "erlmld": {:hex, :erlmld, "1.0.2", "a3dad389e0f07d3ad0bc9e99ead5ab1e3527365a9eb7169945098c1e8e504d6b", [:rebar3], [{:erlexec, "1.10.9", [hex: :erlexec, repo: "hexpm", optional: false]}, {:jiffy, "1.1.1", [hex: :jiffy, repo: "hexpm", optional: false]}], "hexpm", "c35739e93864da3321f6f316771b8e9712bc590fb6f67dd08403d3c901076aa3"},
  "ex_doc": {:hex, :ex_doc, "0.28.4", "001a0ea6beac2f810f1abc3dbf4b123e9593eaa5f00dd13ded024eae7c523298", [:mix], [{:earmark_parser, "~> 1.4.19", [hex: :earmark_parser, repo: "hexpm", optional: false]}, {:makeup_elixir, "~> 0.14", [hex: :makeup_elixir, repo: "hexpm", optional: false]}, {:makeup_erlang, "~> 0.1", [hex: :makeup_erlang, repo: "hexpm", optional: false]}], "hexpm", "bf85d003dd34911d89c8ddb8bda1a958af3471a274a4c2150a9c01c78ac3f8ed"},
  "flow": {:hex, :flow, "1.2.0", "515e03aa3d056cecc3e3f1e80f6ca4bbf5f45b13c88dee5db880b2f3f24f1caa", [:mix], [{:gen_stage, "~> 1.0", [hex: :gen_stage, repo: "hexpm", optional: false]}], "hexpm", "1b45bfc8a9202c5ec80b077c21df133561e56c56189ba4082dddccb6b5762525"},
  "gen_stage": {:hex, :gen_stage, "1.1.2", "b1656cd4ba431ed02c5656fe10cb5423820847113a07218da68eae5d6a260c23", [:mix], [], "hexpm", "9e39af23140f704e2b07a3e29d8f05fd21c2aaf4088ff43cb82be4b9e3148d02"},
  "jiffy": {:hex, :jiffy, "1.1.1", "aca10f47aa91697bf24ab9582c74e00e8e95474c7ef9f76d4f1a338d0f5de21b", [:rebar3], [], "hexpm", "62e1f0581c3c19c33a725c781dfa88410d8bff1bbafc3885a2552286b4785c4c"},
  "makeup": {:hex, :makeup, "1.1.0", "6b67c8bc2882a6b6a445859952a602afc1a41c2e08379ca057c0f525366fc3ca", [:mix], [{:nimble_parsec, "~> 1.2.2 or ~> 1.3", [hex: :nimble_parsec, repo: "hexpm", optional: false]}], "hexpm", "0a45ed501f4a8897f580eabf99a2e5234ea3e75a4373c8a52824f6e873be57a6"},
  "makeup_elixir": {:hex, :makeup_elixir, "0.16.0", "f8c570a0d33f8039513fbccaf7108c5d750f47d8defd44088371191b76492b0b", [:mix], [{:makeup, "~> 1.0", [hex: :makeup, repo: "hexpm", optional: false]}, {:nimble_parsec, "~> 1.2.3", [hex: :nimble_parsec, repo: "hexpm", optional: false]}], "hexpm", "28b2cbdc13960a46ae9a8858c4bebdec3c9a6d7b4b9e7f4ed1502f8159f338e7"},
  "makeup_erlang": {:hex, :makeup_erlang, "0.1.1", "3fcb7f09eb9d98dc4d208f49cc955a34218fc41ff6b84df7c75b3e6e533cc65f", [:mix], [{:makeup, "~> 1.0", [hex: :makeup, repo: "hexpm", optional: false]}], "hexpm", "174d0809e98a4ef0b3309256cbf97101c6ec01c4ab0b23e926a9e17df2077cbb"},
  "nimble_parsec": {:hex, :nimble_parsec, "1.2.3", "244836e6e3f1200c7f30cb56733fd808744eca61fd182f731eac4af635cc6d0b", [:mix], [], "hexpm", "c8d789e39b9131acf7b99291e93dae60ab48ef14a7ee9d58c6964f59efb570b0"},
}
